
Microsoft Visual Studio Solution File, Format Version 12.00
# Visual Studio 15
VisualStudioVersion = 15.0.28307.421
MinimumVisualStudioVersion = 10.0.40219.1
Project("{FAE04EC0-301F-11D3-BF4B-00C04F79EFBC}") = "lab 1", "lab 1\lab 1.csproj", "{BAE6E228-2AC8-48E2-B4A2-82720A4CA665}"
EndProject
Project("{FAE04EC0-301F-11D3-BF4B-00C04F79EFBC}") = "lab 2", "lab 2\lab 2.csproj", "{F292B5F4-0B72-4B04-94B2-D6995050DDB3}"
EndProject
Project("{FAE04EC0-301F-11D3-BF4B-00C04F79EFBC}") = "lab 3", "lab 3\lab 3.csproj", "{70E8DE3C-6E6A-4E01-B9D2-EB4CFAEE355D}"
EndProject
Project("{FAE04EC0-301F-11D3-BF4B-00C04F79EFBC}") = "lab 6 dll generator", "lab 6 dll\lab 6 dll generator.csproj", "{400A38C5-FF37-4033-8CB6-525D8F1D1E7C}"
EndProject
Project("{FAE04EC0-301F-11D3-BF4B-00C04F79EFBC}") = "lab 6", "lab 6\lab 6.csproj", "{0E2D3B08-F6B5-4260-AAFB-560696483AC1}"
EndProject
Project("{FAE04EC0-301F-11D3-BF4B-00C04F79EFBC}") = "lab 4", "lab 4\lab 4.csproj", "{4BB3F45E-9598-48EC-BFCE-C0CE8B3FBF47}"
EndProject
Project("{FAE04EC0-301F-11D3-BF4B-00C04F79EFBC}") = "lab 8", "lab 8\lab 8.csproj", "{4D957240-F8EC-4CA6-AC91-080A74E9830D}"
EndProject
Project("{FAE04EC0-301F-11D3-BF4B-00C04F79EFBC}") = "lab 5", "lab 5\lab 5.csproj", "{D47E3DF1-B568-4B1F-8AFE-70F52A3A77BD}"
EndProject
Project("{FAE04EC0-301F-11D3-BF4B-00C04F79EFBC}") = "lab 7", "lab 7\lab 7.csproj", "{BAC37403-8CF4-4516-8A3A-8AF3A49E24D2}"
EndProject
Project("{FAE04EC0-301F-11D3-BF4B-00C04F79EFBC}") = "lab 9", "lab 9\lab 9.csproj", "{C8380FD8-F0BC-4C32-9ECD-88AFAD3A3753}"
EndProject
Project("{FAE04EC0-301F-11D3-BF4B-00C04F79EFBC}") = "lab 9(12)", "lab 9(12)\lab 9(12).csproj", "{CEE41DA2-8169-487B-AE5C-1EBFA56907E7}"
EndProject
Project("{FAE04EC0-301F-11D3-BF4B-00C04F79EFBC}") = "lab 9(13,14)", "lab 9(13,14)\lab 9(13,14).csproj", "{D8A05824-58B6-4FCE-8C9F-58A44440B7E3}"
EndProject
Project("{FAE04EC0-301F-11D3-BF4B-00C04F79EFBC}") = "lab 9(11)", "lab 9(11)\lab 9(11).csproj", "{A49F3E91-D865-4938-9D25-5C4EC74F0168}"
EndProject
Project("{FAE04EC0-301F-11D3-BF4B-00C04F79EFBC}") = "lab 9(10)", "lab 9(10)\lab 9(10).csproj", "{57ACEB8D-58B7-41C1-A9E3-A4B02AA859E4}"
EndProject
Project("{FAE04EC0-301F-11D3-BF4B-00C04F79EFBC}") = "lab 9(10) pack", "lab 9(10) pack\lab 9(10) pack.csproj", "{216C927C-C5BF-4EA3-984D-956DCFEF4A96}"
EndProject
Global
	GlobalSection(SolutionConfigurationPlatforms) = preSolution
		Debug|Any CPU = Debug|Any CPU
		Debug|x64 = Debug|x64
		Debug|x86 = Debug|x86
		Release|Any CPU = Release|Any CPU
		Release|x64 = Release|x64
		Release|x86 = Release|x86
	EndGlobalSection
	GlobalSection(ProjectConfigurationPlatforms) = postSolution
		{BAE6E228-2AC8-48E2-B4A2-82720A4CA665}.Debug|Any CPU.ActiveCfg = Debug|Any CPU
		{BAE6E228-2AC8-48E2-B4A2-82720A4CA665}.Debug|Any CPU.Build.0 = Debug|Any CPU
		{BAE6E228-2AC8-48E2-B4A2-82720A4CA665}.Debug|x64.ActiveCfg = Debug|Any CPU
		{BAE6E228-2AC8-48E2-B4A2-82720A4CA665}.Debug|x64.Build.0 = Debug|Any CPU
		{BAE6E228-2AC8-48E2-B4A2-82720A4CA665}.Debug|x86.ActiveCfg = Debug|Any CPU
		{BAE6E228-2AC8-48E2-B4A2-82720A4CA665}.Debug|x86.Build.0 = Debug|Any CPU
		{BAE6E228-2AC8-48E2-B4A2-82720A4CA665}.Release|Any CPU.ActiveCfg = Release|Any CPU
		{BAE6E228-2AC8-48E2-B4A2-82720A4CA665}.Release|Any CPU.Build.0 = Release|Any CPU
		{BAE6E228-2AC8-48E2-B4A2-82720A4CA665}.Release|x64.ActiveCfg = Release|Any CPU
		{BAE6E228-2AC8-48E2-B4A2-82720A4CA665}.Release|x64.Build.0 = Release|Any CPU
		{BAE6E228-2AC8-48E2-B4A2-82720A4CA665}.Release|x86.ActiveCfg = Release|Any CPU
		{BAE6E228-2AC8-48E2-B4A2-82720A4CA665}.Release|x86.Build.0 = Release|Any CPU
		{F292B5F4-0B72-4B04-94B2-D6995050DDB3}.Debug|Any CPU.ActiveCfg = Debug|Any CPU
		{F292B5F4-0B72-4B04-94B2-D6995050DDB3}.Debug|Any CPU.Build.0 = Debug|Any CPU
		{F292B5F4-0B72-4B04-94B2-D6995050DDB3}.Debug|x64.ActiveCfg = Debug|Any CPU
		{F292B5F4-0B72-4B04-94B2-D6995050DDB3}.Debug|x64.Build.0 = Debug|Any CPU
		{F292B5F4-0B72-4B04-94B2-D6995050DDB3}.Debug|x86.ActiveCfg = Debug|Any CPU
		{F292B5F4-0B72-4B04-94B2-D6995050DDB3}.Debug|x86.Build.0 = Debug|Any CPU
		{F292B5F4-0B72-4B04-94B2-D6995050DDB3}.Release|Any CPU.ActiveCfg = Release|Any CPU
		{F292B5F4-0B72-4B04-94B2-D6995050DDB3}.Release|Any CPU.Build.0 = Release|Any CPU
		{F292B5F4-0B72-4B04-94B2-D6995050DDB3}.Release|x64.ActiveCfg = Release|Any CPU
		{F292B5F4-0B72-4B04-94B2-D6995050DDB3}.Release|x64.Build.0 = Release|Any CPU
		{F292B5F4-0B72-4B04-94B2-D6995050DDB3}.Release|x86.ActiveCfg = Release|Any CPU
		{F292B5F4-0B72-4B04-94B2-D6995050DDB3}.Release|x86.Build.0 = Release|Any CPU
		{70E8DE3C-6E6A-4E01-B9D2-EB4CFAEE355D}.Debug|Any CPU.ActiveCfg = Debug|Any CPU
		{70E8DE3C-6E6A-4E01-B9D2-EB4CFAEE355D}.Debug|Any CPU.Build.0 = Debug|Any CPU
		{70E8DE3C-6E6A-4E01-B9D2-EB4CFAEE355D}.Debug|x64.ActiveCfg = Debug|Any CPU
		{70E8DE3C-6E6A-4E01-B9D2-EB4CFAEE355D}.Debug|x64.Build.0 = Debug|Any CPU
		{70E8DE3C-6E6A-4E01-B9D2-EB4CFAEE355D}.Debug|x86.ActiveCfg = Debug|Any CPU
		{70E8DE3C-6E6A-4E01-B9D2-EB4CFAEE355D}.Debug|x86.Build.0 = Debug|Any CPU
		{70E8DE3C-6E6A-4E01-B9D2-EB4CFAEE355D}.Release|Any CPU.ActiveCfg = Release|Any CPU
		{70E8DE3C-6E6A-4E01-B9D2-EB4CFAEE355D}.Release|Any CPU.Build.0 = Release|Any CPU
		{70E8DE3C-6E6A-4E01-B9D2-EB4CFAEE355D}.Release|x64.ActiveCfg = Release|Any CPU
		{70E8DE3C-6E6A-4E01-B9D2-EB4CFAEE355D}.Release|x64.Build.0 = Release|Any CPU
		{70E8DE3C-6E6A-4E01-B9D2-EB4CFAEE355D}.Release|x86.ActiveCfg = Release|Any CPU
		{70E8DE3C-6E6A-4E01-B9D2-EB4CFAEE355D}.Release|x86.Build.0 = Release|Any CPU
		{400A38C5-FF37-4033-8CB6-525D8F1D1E7C}.Debug|Any CPU.ActiveCfg = Debug|Any CPU
		{400A38C5-FF37-4033-8CB6-525D8F1D1E7C}.Debug|Any CPU.Build.0 = Debug|Any CPU
		{400A38C5-FF37-4033-8CB6-525D8F1D1E7C}.Debug|x64.ActiveCfg = Debug|Any CPU
		{400A38C5-FF37-4033-8CB6-525D8F1D1E7C}.Debug|x64.Build.0 = Debug|Any CPU
		{400A38C5-FF37-4033-8CB6-525D8F1D1E7C}.Debug|x86.ActiveCfg = Debug|Any CPU
		{400A38C5-FF37-4033-8CB6-525D8F1D1E7C}.Debug|x86.Build.0 = Debug|Any CPU
		{400A38C5-FF37-4033-8CB6-525D8F1D1E7C}.Release|Any CPU.ActiveCfg = Release|Any CPU
		{400A38C5-FF37-4033-8CB6-525D8F1D1E7C}.Release|Any CPU.Build.0 = Release|Any CPU
		{400A38C5-FF37-4033-8CB6-525D8F1D1E7C}.Release|x64.ActiveCfg = Release|Any CPU
		{400A38C5-FF37-4033-8CB6-525D8F1D1E7C}.Release|x64.Build.0 = Release|Any CPU
		{400A38C5-FF37-4033-8CB6-525D8F1D1E7C}.Release|x86.ActiveCfg = Release|Any CPU
		{400A38C5-FF37-4033-8CB6-525D8F1D1E7C}.Release|x86.Build.0 = Release|Any CPU
		{0E2D3B08-F6B5-4260-AAFB-560696483AC1}.Debug|Any CPU.ActiveCfg = Debug|Any CPU
		{0E2D3B08-F6B5-4260-AAFB-560696483AC1}.Debug|Any CPU.Build.0 = Debug|Any CPU
		{0E2D3B08-F6B5-4260-AAFB-560696483AC1}.Debug|x64.ActiveCfg = Debug|Any CPU
		{0E2D3B08-F6B5-4260-AAFB-560696483AC1}.Debug|x64.Build.0 = Debug|Any CPU
		{0E2D3B08-F6B5-4260-AAFB-560696483AC1}.Debug|x86.ActiveCfg = Debug|Any CPU
		{0E2D3B08-F6B5-4260-AAFB-560696483AC1}.Debug|x86.Build.0 = Debug|Any CPU
		{0E2D3B08-F6B5-4260-AAFB-560696483AC1}.Release|Any CPU.ActiveCfg = Release|Any CPU
		{0E2D3B08-F6B5-4260-AAFB-560696483AC1}.Release|Any CPU.Build.0 = Release|Any CPU
		{0E2D3B08-F6B5-4260-AAFB-560696483AC1}.Release|x64.ActiveCfg = Release|Any CPU
		{0E2D3B08-F6B5-4260-AAFB-560696483AC1}.Release|x64.Build.0 = Release|Any CPU
		{0E2D3B08-F6B5-4260-AAFB-560696483AC1}.Release|x86.ActiveCfg = Release|Any CPU
		{0E2D3B08-F6B5-4260-AAFB-560696483AC1}.Release|x86.Build.0 = Release|Any CPU
		{4BB3F45E-9598-48EC-BFCE-C0CE8B3FBF47}.Debug|Any CPU.ActiveCfg = Debug|Any CPU
		{4BB3F45E-9598-48EC-BFCE-C0CE8B3FBF47}.Debug|Any CPU.Build.0 = Debug|Any CPU
		{4BB3F45E-9598-48EC-BFCE-C0CE8B3FBF47}.Debug|x64.ActiveCfg = Debug|Any CPU
		{4BB3F45E-9598-48EC-BFCE-C0CE8B3FBF47}.Debug|x64.Build.0 = Debug|Any CPU
		{4BB3F45E-9598-48EC-BFCE-C0CE8B3FBF47}.Debug|x86.ActiveCfg = Debug|Any CPU
		{4BB3F45E-9598-48EC-BFCE-C0CE8B3FBF47}.Debug|x86.Build.0 = Debug|Any CPU
		{4BB3F45E-9598-48EC-BFCE-C0CE8B3FBF47}.Release|Any CPU.ActiveCfg = Release|Any CPU
		{4BB3F45E-9598-48EC-BFCE-C0CE8B3FBF47}.Release|Any CPU.Build.0 = Release|Any CPU
		{4BB3F45E-9598-48EC-BFCE-C0CE8B3FBF47}.Release|x64.ActiveCfg = Release|Any CPU
		{4BB3F45E-9598-48EC-BFCE-C0CE8B3FBF47}.Release|x64.Build.0 = Release|Any CPU
		{4BB3F45E-9598-48EC-BFCE-C0CE8B3FBF47}.Release|x86.ActiveCfg = Release|Any CPU
		{4BB3F45E-9598-48EC-BFCE-C0CE8B3FBF47}.Release|x86.Build.0 = Release|Any CPU
		{4D957240-F8EC-4CA6-AC91-080A74E9830D}.Debug|Any CPU.ActiveCfg = Debug|Any CPU
		{4D957240-F8EC-4CA6-AC91-080A74E9830D}.Debug|Any CPU.Build.0 = Debug|Any CPU
		{4D957240-F8EC-4CA6-AC91-080A74E9830D}.Debug|x64.ActiveCfg = Debug|Any CPU
		{4D957240-F8EC-4CA6-AC91-080A74E9830D}.Debug|x64.Build.0 = Debug|Any CPU
		{4D957240-F8EC-4CA6-AC91-080A74E9830D}.Debug|x86.ActiveCfg = Debug|Any CPU
		{4D957240-F8EC-4CA6-AC91-080A74E9830D}.Debug|x86.Build.0 = Debug|Any CPU
		{4D957240-F8EC-4CA6-AC91-080A74E9830D}.Release|Any CPU.ActiveCfg = Release|Any CPU
		{4D957240-F8EC-4CA6-AC91-080A74E9830D}.Release|Any CPU.Build.0 = Release|Any CPU
		{4D957240-F8EC-4CA6-AC91-080A74E9830D}.Release|x64.ActiveCfg = Release|Any CPU
		{4D957240-F8EC-4CA6-AC91-080A74E9830D}.Release|x64.Build.0 = Release|Any CPU
		{4D957240-F8EC-4CA6-AC91-080A74E9830D}.Release|x86.ActiveCfg = Release|Any CPU
		{4D957240-F8EC-4CA6-AC91-080A74E9830D}.Release|x86.Build.0 = Release|Any CPU
		{D47E3DF1-B568-4B1F-8AFE-70F52A3A77BD}.Debug|Any CPU.ActiveCfg = Debug|Any CPU
		{D47E3DF1-B568-4B1F-8AFE-70F52A3A77BD}.Debug|Any CPU.Build.0 = Debug|Any CPU
		{D47E3DF1-B568-4B1F-8AFE-70F52A3A77BD}.Debug|x64.ActiveCfg = Debug|Any CPU
		{D47E3DF1-B568-4B1F-8AFE-70F52A3A77BD}.Debug|x64.Build.0 = Debug|Any CPU
		{D47E3DF1-B568-4B1F-8AFE-70F52A3A77BD}.Debug|x86.ActiveCfg = Debug|Any CPU
		{D47E3DF1-B568-4B1F-8AFE-70F52A3A77BD}.Debug|x86.Build.0 = Debug|Any CPU
		{D47E3DF1-B568-4B1F-8AFE-70F52A3A77BD}.Release|Any CPU.ActiveCfg = Release|Any CPU
		{D47E3DF1-B568-4B1F-8AFE-70F52A3A77BD}.Release|Any CPU.Build.0 = Release|Any CPU
		{D47E3DF1-B568-4B1F-8AFE-70F52A3A77BD}.Release|x64.ActiveCfg = Release|Any CPU
		{D47E3DF1-B568-4B1F-8AFE-70F52A3A77BD}.Release|x64.Build.0 = Release|Any CPU
		{D47E3DF1-B568-4B1F-8AFE-70F52A3A77BD}.Release|x86.ActiveCfg = Release|Any CPU
		{D47E3DF1-B568-4B1F-8AFE-70F52A3A77BD}.Release|x86.Build.0 = Release|Any CPU
		{BAC37403-8CF4-4516-8A3A-8AF3A49E24D2}.Debug|Any CPU.ActiveCfg = Debug|Any CPU
		{BAC37403-8CF4-4516-8A3A-8AF3A49E24D2}.Debug|Any CPU.Build.0 = Debug|Any CPU
		{BAC37403-8CF4-4516-8A3A-8AF3A49E24D2}.Debug|x64.ActiveCfg = Debug|Any CPU
		{BAC37403-8CF4-4516-8A3A-8AF3A49E24D2}.Debug|x64.Build.0 = Debug|Any CPU
		{BAC37403-8CF4-4516-8A3A-8AF3A49E24D2}.Debug|x86.ActiveCfg = Debug|Any CPU
		{BAC37403-8CF4-4516-8A3A-8AF3A49E24D2}.Debug|x86.Build.0 = Debug|Any CPU
		{BAC37403-8CF4-4516-8A3A-8AF3A49E24D2}.Release|Any CPU.ActiveCfg = Release|Any CPU
		{BAC37403-8CF4-4516-8A3A-8AF3A49E24D2}.Release|Any CPU.Build.0 = Release|Any CPU
		{BAC37403-8CF4-4516-8A3A-8AF3A49E24D2}.Release|x64.ActiveCfg = Release|Any CPU
		{BAC37403-8CF4-4516-8A3A-8AF3A49E24D2}.Release|x64.Build.0 = Release|Any CPU
		{BAC37403-8CF4-4516-8A3A-8AF3A49E24D2}.Release|x86.ActiveCfg = Release|Any CPU
		{BAC37403-8CF4-4516-8A3A-8AF3A49E24D2}.Release|x86.Build.0 = Release|Any CPU
		{C8380FD8-F0BC-4C32-9ECD-88AFAD3A3753}.Debug|Any CPU.ActiveCfg = Debug|Any CPU
		{C8380FD8-F0BC-4C32-9ECD-88AFAD3A3753}.Debug|Any CPU.Build.0 = Debug|Any CPU
		{C8380FD8-F0BC-4C32-9ECD-88AFAD3A3753}.Debug|x64.ActiveCfg = Debug|Any CPU
		{C8380FD8-F0BC-4C32-9ECD-88AFAD3A3753}.Debug|x64.Build.0 = Debug|Any CPU
		{C8380FD8-F0BC-4C32-9ECD-88AFAD3A3753}.Debug|x86.ActiveCfg = Debug|Any CPU
		{C8380FD8-F0BC-4C32-9ECD-88AFAD3A3753}.Debug|x86.Build.0 = Debug|Any CPU
		{C8380FD8-F0BC-4C32-9ECD-88AFAD3A3753}.Release|Any CPU.ActiveCfg = Release|Any CPU
		{C8380FD8-F0BC-4C32-9ECD-88AFAD3A3753}.Release|Any CPU.Build.0 = Release|Any CPU
		{C8380FD8-F0BC-4C32-9ECD-88AFAD3A3753}.Release|x64.ActiveCfg = Release|Any CPU
		{C8380FD8-F0BC-4C32-9ECD-88AFAD3A3753}.Release|x64.Build.0 = Release|Any CPU
		{C8380FD8-F0BC-4C32-9ECD-88AFAD3A3753}.Release|x86.ActiveCfg = Release|Any CPU
		{C8380FD8-F0BC-4C32-9ECD-88AFAD3A3753}.Release|x86.Build.0 = Release|Any CPU
		{CEE41DA2-8169-487B-AE5C-1EBFA56907E7}.Debug|Any CPU.ActiveCfg = Debug|Any CPU
		{CEE41DA2-8169-487B-AE5C-1EBFA56907E7}.Debug|Any CPU.Build.0 = Debug|Any CPU
		{CEE41DA2-8169-487B-AE5C-1EBFA56907E7}.Debug|x64.ActiveCfg = Debug|Any CPU
		{CEE41DA2-8169-487B-AE5C-1EBFA56907E7}.Debug|x64.Build.0 = Debug|Any CPU
		{CEE41DA2-8169-487B-AE5C-1EBFA56907E7}.Debug|x86.ActiveCfg = Debug|Any CPU
		{CEE41DA2-8169-487B-AE5C-1EBFA56907E7}.Debug|x86.Build.0 = Debug|Any CPU
		{CEE41DA2-8169-487B-AE5C-1EBFA56907E7}.Release|Any CPU.ActiveCfg = Release|Any CPU
		{CEE41DA2-8169-487B-AE5C-1EBFA56907E7}.Release|Any CPU.Build.0 = Release|Any CPU
		{CEE41DA2-8169-487B-AE5C-1EBFA56907E7}.Release|x64.ActiveCfg = Release|Any CPU
		{CEE41DA2-8169-487B-AE5C-1EBFA56907E7}.Release|x64.Build.0 = Release|Any CPU
		{CEE41DA2-8169-487B-AE5C-1EBFA56907E7}.Release|x86.ActiveCfg = Release|Any CPU
		{CEE41DA2-8169-487B-AE5C-1EBFA56907E7}.Release|x86.Build.0 = Release|Any CPU
		{D8A05824-58B6-4FCE-8C9F-58A44440B7E3}.Debug|Any CPU.ActiveCfg = Debug|Any CPU
		{D8A05824-58B6-4FCE-8C9F-58A44440B7E3}.Debug|Any CPU.Build.0 = Debug|Any CPU
		{D8A05824-58B6-4FCE-8C9F-58A44440B7E3}.Debug|x64.ActiveCfg = Debug|Any CPU
		{D8A05824-58B6-4FCE-8C9F-58A44440B7E3}.Debug|x64.Build.0 = Debug|Any CPU
		{D8A05824-58B6-4FCE-8C9F-58A44440B7E3}.Debug|x86.ActiveCfg = Debug|Any CPU
		{D8A05824-58B6-4FCE-8C9F-58A44440B7E3}.Debug|x86.Build.0 = Debug|Any CPU
		{D8A05824-58B6-4FCE-8C9F-58A44440B7E3}.Release|Any CPU.ActiveCfg = Release|Any CPU
		{D8A05824-58B6-4FCE-8C9F-58A44440B7E3}.Release|Any CPU.Build.0 = Release|Any CPU
		{D8A05824-58B6-4FCE-8C9F-58A44440B7E3}.Release|x64.ActiveCfg = Release|Any CPU
		{D8A05824-58B6-4FCE-8C9F-58A44440B7E3}.Release|x64.Build.0 = Release|Any CPU
		{D8A05824-58B6-4FCE-8C9F-58A44440B7E3}.Release|x86.ActiveCfg = Release|Any CPU
		{D8A05824-58B6-4FCE-8C9F-58A44440B7E3}.Release|x86.Build.0 = Release|Any CPU
		{A49F3E91-D865-4938-9D25-5C4EC74F0168}.Debug|Any CPU.ActiveCfg = Debug|Any CPU
		{A49F3E91-D865-4938-9D25-5C4EC74F0168}.Debug|Any CPU.Build.0 = Debug|Any CPU
		{A49F3E91-D865-4938-9D25-5C4EC74F0168}.Debug|x64.ActiveCfg = Debug|Any CPU
		{A49F3E91-D865-4938-9D25-5C4EC74F0168}.Debug|x64.Build.0 = Debug|Any CPU
		{A49F3E91-D865-4938-9D25-5C4EC74F0168}.Debug|x86.ActiveCfg = Debug|Any CPU
		{A49F3E91-D865-4938-9D25-5C4EC74F0168}.Debug|x86.Build.0 = Debug|Any CPU
		{A49F3E91-D865-4938-9D25-5C4EC74F0168}.Release|Any CPU.ActiveCfg = Release|Any CPU
		{A49F3E91-D865-4938-9D25-5C4EC74F0168}.Release|Any CPU.Build.0 = Release|Any CPU
		{A49F3E91-D865-4938-9D25-5C4EC74F0168}.Release|x64.ActiveCfg = Release|Any CPU
		{A49F3E91-D865-4938-9D25-5C4EC74F0168}.Release|x64.Build.0 = Release|Any CPU
		{A49F3E91-D865-4938-9D25-5C4EC74F0168}.Release|x86.ActiveCfg = Release|Any CPU
		{A49F3E91-D865-4938-9D25-5C4EC74F0168}.Release|x86.Build.0 = Release|Any CPU
		{57ACEB8D-58B7-41C1-A9E3-A4B02AA859E4}.Debug|Any CPU.ActiveCfg = Debug|Any CPU
		{57ACEB8D-58B7-41C1-A9E3-A4B02AA859E4}.Debug|Any CPU.Build.0 = Debug|Any CPU
		{57ACEB8D-58B7-41C1-A9E3-A4B02AA859E4}.Debug|x64.ActiveCfg = Debug|Any CPU
		{57ACEB8D-58B7-41C1-A9E3-A4B02AA859E4}.Debug|x64.Build.0 = Debug|Any CPU
		{57ACEB8D-58B7-41C1-A9E3-A4B02AA859E4}.Debug|x86.ActiveCfg = Debug|Any CPU
		{57ACEB8D-58B7-41C1-A9E3-A4B02AA859E4}.Debug|x86.Build.0 = Debug|Any CPU
		{57ACEB8D-58B7-41C1-A9E3-A4B02AA859E4}.Release|Any CPU.ActiveCfg = Release|Any CPU
		{57ACEB8D-58B7-41C1-A9E3-A4B02AA859E4}.Release|Any CPU.Build.0 = Release|Any CPU
		{57ACEB8D-58B7-41C1-A9E3-A4B02AA859E4}.Release|x64.ActiveCfg = Release|Any CPU
		{57ACEB8D-58B7-41C1-A9E3-A4B02AA859E4}.Release|x64.Build.0 = Release|Any CPU
		{57ACEB8D-58B7-41C1-A9E3-A4B02AA859E4}.Release|x86.ActiveCfg = Release|Any CPU
		{57ACEB8D-58B7-41C1-A9E3-A4B02AA859E4}.Release|x86.Build.0 = Release|Any CPU
		{216C927C-C5BF-4EA3-984D-956DCFEF4A96}.Debug|Any CPU.ActiveCfg = Debug|Any CPU
		{216C927C-C5BF-4EA3-984D-956DCFEF4A96}.Debug|Any CPU.Build.0 = Debug|Any CPU
		{216C927C-C5BF-4EA3-984D-956DCFEF4A96}.Debug|x64.ActiveCfg = Debug|Any CPU
		{216C927C-C5BF-4EA3-984D-956DCFEF4A96}.Debug|x64.Build.0 = Debug|Any CPU
		{216C927C-C5BF-4EA3-984D-956DCFEF4A96}.Debug|x86.ActiveCfg = Debug|Any CPU
		{216C927C-C5BF-4EA3-984D-956DCFEF4A96}.Debug|x86.Build.0 = Debug|Any CPU
		{216C927C-C5BF-4EA3-984D-956DCFEF4A96}.Release|Any CPU.ActiveCfg = Release|Any CPU
		{216C927C-C5BF-4EA3-984D-956DCFEF4A96}.Release|Any CPU.Build.0 = Release|Any CPU
		{216C927C-C5BF-4EA3-984D-956DCFEF4A96}.Release|x64.ActiveCfg = Release|Any CPU
		{216C927C-C5BF-4EA3-984D-956DCFEF4A96}.Release|x64.Build.0 = Release|Any CPU
		{216C927C-C5BF-4EA3-984D-956DCFEF4A96}.Release|x86.ActiveCfg = Release|Any CPU
		{216C927C-C5BF-4EA3-984D-956DCFEF4A96}.Release|x86.Build.0 = Release|Any CPU
	EndGlobalSection
	GlobalSection(SolutionProperties) = preSolution
		HideSolutionNode = FALSE
	EndGlobalSection
	GlobalSection(ExtensibilityGlobals) = postSolution
		SolutionGuid = {5FA225DB-99EE-4EC4-A31E-41DEE6B7863D}
	EndGlobalSection
EndGlobal
