
Microsoft Visual Studio Solution File, Format Version 12.00
# Visual Studio Version 16
VisualStudioVersion = 16.0.30804.86
MinimumVisualStudioVersion = 10.0.40219.1
Project("{9A19103F-16F7-4668-BE54-9A1E7A4F7556}") = "LW_01", "LW_01\LW_01.csproj", "{AC08B835-1645-47E1-91FC-93A295AD384D}"
EndProject
Project("{9A19103F-16F7-4668-BE54-9A1E7A4F7556}") = "LW_02", "LW_02\LW_02.csproj", "{5A6EF3EE-096F-4D7D-BAD2-6C82448B1DC1}"
EndProject
Project("{9A19103F-16F7-4668-BE54-9A1E7A4F7556}") = "LW_03", "LW_03\LW_03.csproj", "{BE2F2E18-AC0E-4AE1-BD99-8905FAC3553C}"
EndProject
Project("{FAE04EC0-301F-11D3-BF4B-00C04F79EFBC}") = "LW_04", "LW_04\LW_04.csproj", "{DF6892A4-0271-42E1-8462-ABE834C51955}"
EndProject
Global
	GlobalSection(SolutionConfigurationPlatforms) = preSolution
		Debug|Any CPU = Debug|Any CPU
		Release|Any CPU = Release|Any CPU
	EndGlobalSection
	GlobalSection(ProjectConfigurationPlatforms) = postSolution
		{AC08B835-1645-47E1-91FC-93A295AD384D}.Debug|Any CPU.ActiveCfg = Debug|Any CPU
		{AC08B835-1645-47E1-91FC-93A295AD384D}.Debug|Any CPU.Build.0 = Debug|Any CPU
		{AC08B835-1645-47E1-91FC-93A295AD384D}.Release|Any CPU.ActiveCfg = Release|Any CPU
		{AC08B835-1645-47E1-91FC-93A295AD384D}.Release|Any CPU.Build.0 = Release|Any CPU
		{5A6EF3EE-096F-4D7D-BAD2-6C82448B1DC1}.Debug|Any CPU.ActiveCfg = Debug|Any CPU
		{5A6EF3EE-096F-4D7D-BAD2-6C82448B1DC1}.Debug|Any CPU.Build.0 = Debug|Any CPU
		{5A6EF3EE-096F-4D7D-BAD2-6C82448B1DC1}.Release|Any CPU.ActiveCfg = Release|Any CPU
		{5A6EF3EE-096F-4D7D-BAD2-6C82448B1DC1}.Release|Any CPU.Build.0 = Release|Any CPU
		{BE2F2E18-AC0E-4AE1-BD99-8905FAC3553C}.Debug|Any CPU.ActiveCfg = Debug|Any CPU
		{BE2F2E18-AC0E-4AE1-BD99-8905FAC3553C}.Debug|Any CPU.Build.0 = Debug|Any CPU
		{BE2F2E18-AC0E-4AE1-BD99-8905FAC3553C}.Release|Any CPU.ActiveCfg = Release|Any CPU
		{BE2F2E18-AC0E-4AE1-BD99-8905FAC3553C}.Release|Any CPU.Build.0 = Release|Any CPU
		{DF6892A4-0271-42E1-8462-ABE834C51955}.Debug|Any CPU.ActiveCfg = Debug|Any CPU
		{DF6892A4-0271-42E1-8462-ABE834C51955}.Debug|Any CPU.Build.0 = Debug|Any CPU
		{DF6892A4-0271-42E1-8462-ABE834C51955}.Release|Any CPU.ActiveCfg = Release|Any CPU
		{DF6892A4-0271-42E1-8462-ABE834C51955}.Release|Any CPU.Build.0 = Release|Any CPU
	EndGlobalSection
	GlobalSection(SolutionProperties) = preSolution
		HideSolutionNode = FALSE
	EndGlobalSection
	GlobalSection(ExtensibilityGlobals) = postSolution
		SolutionGuid = {17C1B5F9-70CF-4D1C-80FE-2665D04EBFB1}
	EndGlobalSection
EndGlobal
